
Microsoft Visual Studio Solution File, Format Version 12.00
# Visual Studio Version 17
VisualStudioVersion = 17.5.33516.290
MinimumVisualStudioVersion = 10.0.40219.1
Project("{FAE04EC0-301F-11D3-BF4B-00C04F79EFBC}") = "Ejercicio01.Android", "Ejercicio01\Ejercicio01.Android\Ejercicio01.Android.csproj", "{BA022B44-8566-4129-B3EB-399E2B4DE123}"
EndProject
Project("{FAE04EC0-301F-11D3-BF4B-00C04F79EFBC}") = "Ejercicio01.iOS", "Ejercicio01\Ejercicio01.iOS\Ejercicio01.iOS.csproj", "{21B72B1E-3A29-44EC-BFBB-B91928AA134D}"
EndProject
Project("{FAE04EC0-301F-11D3-BF4B-00C04F79EFBC}") = "Ejercicio01", "Ejercicio01\Ejercicio01\Ejercicio01.csproj", "{8730ABCF-1255-43A4-88B8-F1C979F6CA59}"
EndProject
Global
	GlobalSection(SolutionConfigurationPlatforms) = preSolution
		Debug|Any CPU = Debug|Any CPU
		Debug|iPhone = Debug|iPhone
		Debug|iPhoneSimulator = Debug|iPhoneSimulator
		Release|Any CPU = Release|Any CPU
		Release|iPhone = Release|iPhone
		Release|iPhoneSimulator = Release|iPhoneSimulator
	EndGlobalSection
	GlobalSection(ProjectConfigurationPlatforms) = postSolution
		{BA022B44-8566-4129-B3EB-399E2B4DE123}.Debug|Any CPU.ActiveCfg = Debug|Any CPU
		{BA022B44-8566-4129-B3EB-399E2B4DE123}.Debug|Any CPU.Build.0 = Debug|Any CPU
		{BA022B44-8566-4129-B3EB-399E2B4DE123}.Debug|Any CPU.Deploy.0 = Debug|Any CPU
		{BA022B44-8566-4129-B3EB-399E2B4DE123}.Debug|iPhone.ActiveCfg = Debug|Any CPU
		{BA022B44-8566-4129-B3EB-399E2B4DE123}.Debug|iPhone.Build.0 = Debug|Any CPU
		{BA022B44-8566-4129-B3EB-399E2B4DE123}.Debug|iPhone.Deploy.0 = Debug|Any CPU
		{BA022B44-8566-4129-B3EB-399E2B4DE123}.Debug|iPhoneSimulator.ActiveCfg = Debug|Any CPU
		{BA022B44-8566-4129-B3EB-399E2B4DE123}.Debug|iPhoneSimulator.Build.0 = Debug|Any CPU
		{BA022B44-8566-4129-B3EB-399E2B4DE123}.Debug|iPhoneSimulator.Deploy.0 = Debug|Any CPU
		{BA022B44-8566-4129-B3EB-399E2B4DE123}.Release|Any CPU.ActiveCfg = Release|Any CPU
		{BA022B44-8566-4129-B3EB-399E2B4DE123}.Release|Any CPU.Build.0 = Release|Any CPU
		{BA022B44-8566-4129-B3EB-399E2B4DE123}.Release|Any CPU.Deploy.0 = Release|Any CPU
		{BA022B44-8566-4129-B3EB-399E2B4DE123}.Release|iPhone.ActiveCfg = Release|Any CPU
		{BA022B44-8566-4129-B3EB-399E2B4DE123}.Release|iPhone.Build.0 = Release|Any CPU
		{BA022B44-8566-4129-B3EB-399E2B4DE123}.Release|iPhone.Deploy.0 = Release|Any CPU
		{BA022B44-8566-4129-B3EB-399E2B4DE123}.Release|iPhoneSimulator.ActiveCfg = Release|Any CPU
		{BA022B44-8566-4129-B3EB-399E2B4DE123}.Release|iPhoneSimulator.Build.0 = Release|Any CPU
		{BA022B44-8566-4129-B3EB-399E2B4DE123}.Release|iPhoneSimulator.Deploy.0 = Release|Any CPU
		{21B72B1E-3A29-44EC-BFBB-B91928AA134D}.Debug|Any CPU.ActiveCfg = Debug|iPhone
		{21B72B1E-3A29-44EC-BFBB-B91928AA134D}.Debug|Any CPU.Build.0 = Debug|iPhone
		{21B72B1E-3A29-44EC-BFBB-B91928AA134D}.Debug|Any CPU.Deploy.0 = Debug|iPhone
		{21B72B1E-3A29-44EC-BFBB-B91928AA134D}.Debug|iPhone.ActiveCfg = Debug|iPhone
		{21B72B1E-3A29-44EC-BFBB-B91928AA134D}.Debug|iPhone.Build.0 = Debug|iPhone
		{21B72B1E-3A29-44EC-BFBB-B91928AA134D}.Debug|iPhone.Deploy.0 = Debug|iPhone
		{21B72B1E-3A29-44EC-BFBB-B91928AA134D}.Debug|iPhoneSimulator.ActiveCfg = Debug|iPhoneSimulator
		{21B72B1E-3A29-44EC-BFBB-B91928AA134D}.Debug|iPhoneSimulator.Build.0 = Debug|iPhoneSimulator
		{21B72B1E-3A29-44EC-BFBB-B91928AA134D}.Debug|iPhoneSimulator.Deploy.0 = Debug|iPhoneSimulator
		{21B72B1E-3A29-44EC-BFBB-B91928AA134D}.Release|Any CPU.ActiveCfg = Release|iPhoneSimulator
		{21B72B1E-3A29-44EC-BFBB-B91928AA134D}.Release|Any CPU.Build.0 = Release|iPhoneSimulator
		{21B72B1E-3A29-44EC-BFBB-B91928AA134D}.Release|Any CPU.Deploy.0 = Release|iPhoneSimulator
		{21B72B1E-3A29-44EC-BFBB-B91928AA134D}.Release|iPhone.ActiveCfg = Release|iPhone
		{21B72B1E-3A29-44EC-BFBB-B91928AA134D}.Release|iPhone.Build.0 = Release|iPhone
		{21B72B1E-3A29-44EC-BFBB-B91928AA134D}.Release|iPhone.Deploy.0 = Release|iPhone
		{21B72B1E-3A29-44EC-BFBB-B91928AA134D}.Release|iPhoneSimulator.ActiveCfg = Release|iPhoneSimulator
		{21B72B1E-3A29-44EC-BFBB-B91928AA134D}.Release|iPhoneSimulator.Build.0 = Release|iPhoneSimulator
		{21B72B1E-3A29-44EC-BFBB-B91928AA134D}.Release|iPhoneSimulator.Deploy.0 = Release|iPhoneSimulator
		{8730ABCF-1255-43A4-88B8-F1C979F6CA59}.Debug|Any CPU.ActiveCfg = Debug|Any CPU
		{8730ABCF-1255-43A4-88B8-F1C979F6CA59}.Debug|Any CPU.Build.0 = Debug|Any CPU
		{8730ABCF-1255-43A4-88B8-F1C979F6CA59}.Debug|Any CPU.Deploy.0 = Debug|Any CPU
		{8730ABCF-1255-43A4-88B8-F1C979F6CA59}.Debug|iPhone.ActiveCfg = Debug|Any CPU
		{8730ABCF-1255-43A4-88B8-F1C979F6CA59}.Debug|iPhone.Build.0 = Debug|Any CPU
		{8730ABCF-1255-43A4-88B8-F1C979F6CA59}.Debug|iPhone.Deploy.0 = Debug|Any CPU
		{8730ABCF-1255-43A4-88B8-F1C979F6CA59}.Debug|iPhoneSimulator.ActiveCfg = Debug|Any CPU
		{8730ABCF-1255-43A4-88B8-F1C979F6CA59}.Debug|iPhoneSimulator.Build.0 = Debug|Any CPU
		{8730ABCF-1255-43A4-88B8-F1C979F6CA59}.Debug|iPhoneSimulator.Deploy.0 = Debug|Any CPU
		{8730ABCF-1255-43A4-88B8-F1C979F6CA59}.Release|Any CPU.ActiveCfg = Release|Any CPU
		{8730ABCF-1255-43A4-88B8-F1C979F6CA59}.Release|Any CPU.Build.0 = Release|Any CPU
		{8730ABCF-1255-43A4-88B8-F1C979F6CA59}.Release|Any CPU.Deploy.0 = Release|Any CPU
		{8730ABCF-1255-43A4-88B8-F1C979F6CA59}.Release|iPhone.ActiveCfg = Release|Any CPU
		{8730ABCF-1255-43A4-88B8-F1C979F6CA59}.Release|iPhone.Build.0 = Release|Any CPU
		{8730ABCF-1255-43A4-88B8-F1C979F6CA59}.Release|iPhone.Deploy.0 = Release|Any CPU
		{8730ABCF-1255-43A4-88B8-F1C979F6CA59}.Release|iPhoneSimulator.ActiveCfg = Release|Any CPU
		{8730ABCF-1255-43A4-88B8-F1C979F6CA59}.Release|iPhoneSimulator.Build.0 = Release|Any CPU
		{8730ABCF-1255-43A4-88B8-F1C979F6CA59}.Release|iPhoneSimulator.Deploy.0 = Release|Any CPU
	EndGlobalSection
	GlobalSection(SolutionProperties) = preSolution
		HideSolutionNode = FALSE
	EndGlobalSection
	GlobalSection(ExtensibilityGlobals) = postSolution
		SolutionGuid = {77C7EC93-851C-4BA1-934B-6BCF1480FFAB}
	EndGlobalSection
EndGlobal
